
Microsoft Visual Studio Solution File, Format Version 12.00
Project("{FAE04EC0-301F-11D3-BF4B-00C04F79EFBC}") = "ConcordNet", "ConcordNet\ConcordNet.csproj", "{B48E6860-F113-4173-8386-20D784138754}"
EndProject
Project("{FAE04EC0-301F-11D3-BF4B-00C04F79EFBC}") = "ConcordNet.UnitTests", "ConcordNet.UnitTests\ConcordNet.UnitTests.csproj", "{F357F679-3D70-461D-A059-DD66A22D3845}"
EndProject
Project("{2150E333-8FDC-42A3-9474-1A3956D46DE8}") = "Examples", "Examples", "{DAE8C222-A82C-480B-956B-AA72A144E53C}"
EndProject
Project("{FAE04EC0-301F-11D3-BF4B-00C04F79EFBC}") = "ExampleApi", "..\examples\usage-example\ExampleApi\ExampleApi.csproj", "{8A49A8E4-4F84-4E6F-8E60-9028785035F7}"
EndProject
Project("{FAE04EC0-301F-11D3-BF4B-00C04F79EFBC}") = "ExampleApi.ConcordTests", "..\examples\usage-example\ExampleApi.ConcordTests\ExampleApi.ConcordTests.csproj", "{B9D27D5D-0B74-438C-A408-A2634540AC11}"
EndProject
Global
	GlobalSection(SolutionConfigurationPlatforms) = preSolution
		Debug|Any CPU = Debug|Any CPU
		Release|Any CPU = Release|Any CPU
	EndGlobalSection
	GlobalSection(ProjectConfigurationPlatforms) = postSolution
		{B48E6860-F113-4173-8386-20D784138754}.Debug|Any CPU.ActiveCfg = Debug|Any CPU
		{B48E6860-F113-4173-8386-20D784138754}.Debug|Any CPU.Build.0 = Debug|Any CPU
		{B48E6860-F113-4173-8386-20D784138754}.Release|Any CPU.ActiveCfg = Release|Any CPU
		{B48E6860-F113-4173-8386-20D784138754}.Release|Any CPU.Build.0 = Release|Any CPU
		{F357F679-3D70-461D-A059-DD66A22D3845}.Debug|Any CPU.ActiveCfg = Debug|Any CPU
		{F357F679-3D70-461D-A059-DD66A22D3845}.Debug|Any CPU.Build.0 = Debug|Any CPU
		{F357F679-3D70-461D-A059-DD66A22D3845}.Release|Any CPU.ActiveCfg = Release|Any CPU
		{F357F679-3D70-461D-A059-DD66A22D3845}.Release|Any CPU.Build.0 = Release|Any CPU
		{8A49A8E4-4F84-4E6F-8E60-9028785035F7}.Debug|Any CPU.ActiveCfg = Debug|Any CPU
		{8A49A8E4-4F84-4E6F-8E60-9028785035F7}.Debug|Any CPU.Build.0 = Debug|Any CPU
		{8A49A8E4-4F84-4E6F-8E60-9028785035F7}.Release|Any CPU.ActiveCfg = Release|Any CPU
		{8A49A8E4-4F84-4E6F-8E60-9028785035F7}.Release|Any CPU.Build.0 = Release|Any CPU
		{B9D27D5D-0B74-438C-A408-A2634540AC11}.Debug|Any CPU.ActiveCfg = Debug|Any CPU
		{B9D27D5D-0B74-438C-A408-A2634540AC11}.Debug|Any CPU.Build.0 = Debug|Any CPU
		{B9D27D5D-0B74-438C-A408-A2634540AC11}.Release|Any CPU.ActiveCfg = Release|Any CPU
		{B9D27D5D-0B74-438C-A408-A2634540AC11}.Release|Any CPU.Build.0 = Release|Any CPU
	EndGlobalSection
	GlobalSection(NestedProjects) = preSolution
		{8A49A8E4-4F84-4E6F-8E60-9028785035F7} = {DAE8C222-A82C-480B-956B-AA72A144E53C}
		{B9D27D5D-0B74-438C-A408-A2634540AC11} = {DAE8C222-A82C-480B-956B-AA72A144E53C}
	EndGlobalSection
EndGlobal
