
Microsoft Visual Studio Solution File, Format Version 12.00
Project("{FAE04EC0-301F-11D3-BF4B-00C04F79EFBC}") = "ConcordNet", "ConcordNet\ConcordNet.csproj", "{B48E6860-F113-4173-8386-20D784138754}"
EndProject
Project("{FAE04EC0-301F-11D3-BF4B-00C04F79EFBC}") = "ConcordNet.UnitTests", "ConcordNet.UnitTests\ConcordNet.UnitTests.csproj", "{F357F679-3D70-461D-A059-DD66A22D3845}"
EndProject
Project("{FAE04EC0-301F-11D3-BF4B-00C04F79EFBC}") = "ExampleApi", "ExampleApi\ExampleApi.csproj", "{917B67C6-918B-49DC-8B25-E873ADDCFFA8}"
EndProject
Project("{FAE04EC0-301F-11D3-BF4B-00C04F79EFBC}") = "ExampleApi.ConcordTests", "ExampleApi.ConcordTests\ExampleApi.ConcordTests.csproj", "{6F202010-9A9A-438D-A6D9-562C3CEE0F3B}"
EndProject
Project("{FAE04EC0-301F-11D3-BF4B-00C04F79EFBC}") = "ConsumerApi", "ConsumerApi\ConsumerApi.csproj", "{204DD650-7801-4813-9942-6AE32EAD99E2}"
EndProject
Global
	GlobalSection(SolutionConfigurationPlatforms) = preSolution
		Debug|Any CPU = Debug|Any CPU
		Release|Any CPU = Release|Any CPU
	EndGlobalSection
	GlobalSection(ProjectConfigurationPlatforms) = postSolution
		{B48E6860-F113-4173-8386-20D784138754}.Debug|Any CPU.ActiveCfg = Debug|Any CPU
		{B48E6860-F113-4173-8386-20D784138754}.Debug|Any CPU.Build.0 = Debug|Any CPU
		{B48E6860-F113-4173-8386-20D784138754}.Release|Any CPU.ActiveCfg = Release|Any CPU
		{B48E6860-F113-4173-8386-20D784138754}.Release|Any CPU.Build.0 = Release|Any CPU
		{F357F679-3D70-461D-A059-DD66A22D3845}.Debug|Any CPU.ActiveCfg = Debug|Any CPU
		{F357F679-3D70-461D-A059-DD66A22D3845}.Debug|Any CPU.Build.0 = Debug|Any CPU
		{F357F679-3D70-461D-A059-DD66A22D3845}.Release|Any CPU.ActiveCfg = Release|Any CPU
		{F357F679-3D70-461D-A059-DD66A22D3845}.Release|Any CPU.Build.0 = Release|Any CPU
		{917B67C6-918B-49DC-8B25-E873ADDCFFA8}.Debug|Any CPU.ActiveCfg = Debug|Any CPU
		{917B67C6-918B-49DC-8B25-E873ADDCFFA8}.Debug|Any CPU.Build.0 = Debug|Any CPU
		{917B67C6-918B-49DC-8B25-E873ADDCFFA8}.Release|Any CPU.ActiveCfg = Release|Any CPU
		{917B67C6-918B-49DC-8B25-E873ADDCFFA8}.Release|Any CPU.Build.0 = Release|Any CPU
		{6F202010-9A9A-438D-A6D9-562C3CEE0F3B}.Debug|Any CPU.ActiveCfg = Debug|Any CPU
		{6F202010-9A9A-438D-A6D9-562C3CEE0F3B}.Debug|Any CPU.Build.0 = Debug|Any CPU
		{6F202010-9A9A-438D-A6D9-562C3CEE0F3B}.Release|Any CPU.ActiveCfg = Release|Any CPU
		{6F202010-9A9A-438D-A6D9-562C3CEE0F3B}.Release|Any CPU.Build.0 = Release|Any CPU
		{204DD650-7801-4813-9942-6AE32EAD99E2}.Debug|Any CPU.ActiveCfg = Debug|Any CPU
		{204DD650-7801-4813-9942-6AE32EAD99E2}.Debug|Any CPU.Build.0 = Debug|Any CPU
		{204DD650-7801-4813-9942-6AE32EAD99E2}.Release|Any CPU.ActiveCfg = Release|Any CPU
		{204DD650-7801-4813-9942-6AE32EAD99E2}.Release|Any CPU.Build.0 = Release|Any CPU
	EndGlobalSection
EndGlobal
